{
  "name": "wick-engine",
  "lockfileVersion": 3,
  "requires": true,
  "packages": {
    "": {
      "name": "wick-engine",
      "dependencies": {
        "@fontsource/fredoka": "^5.3.0",
        "@fontsource/permanent-marker": "^5.3.0",
        "three": "^0.180.0"
      }
    },
    "node_modules/@fontsource/fredoka": {
      "version": "5.3.0",
      "resolved": "https://registry.npmjs.org/@fontsource/fredoka/-/fredoka-5.3.0.tgz",
      "integrity": "sha512-s2IhjQ50wDnKkkaKmjhtL0rxQg6ITsVusiipM3m7zUwVZZbbCKsscNDkngwp28xVzfIt7neWrkgU1qKqyTycQg==",
      "license": "OFL-1.1",
      "funding": {
        "url": "https://github.com/sponsors/ayuhito"
      }
    },
    "node_modules/@fontsource/permanent-marker": {
      "version": "5.3.0",
      "resolved": "https://registry.npmjs.org/@fontsource/permanent-marker/-/permanent-marker-5.3.0.tgz",
      "integrity": "sha512-ZO/NtYW4SCc/iY8N3dmjWyDITcXJ/vhWZFgnwRcvzwCKKnScMrM/a2/6VHlsjCVuIgmPzNrCFbedEYhv+/jJBg==",
      "license": "Apache-2.0",
      "funding": {
        "url": "https://github.com/sponsors/ayuhito"
      }
    },
    "node_modules/three": {
      "version": "0.180.0",
      "resolved": "https://registry.npmjs.org/three/-/three-0.180.0.tgz",
      "integrity": "sha512-o+qycAMZrh+TsE01GqWUxUIKR1AL0S8pq7zDkYOQw8GqfX8b8VoCKYUoHbhiX5j+7hr8XsuHDVU6+gkQJQKg9w==",
      "license": "MIT"
    }
  }
}
